
Microsoft Visual Studio Solution File, Format Version 12.00
# Visual Studio Version 16
VisualStudioVersion = 16.0.32602.291
MinimumVisualStudioVersion = 10.0.40219.1
Project("{FAE04EC0-301F-11D3-BF4B-00C04F79EFBC}") = "homework", "homework\homework.csproj", "{491D9750-1574-45F7-89E7-FD6777B8EEED}"
EndProject
Global
	GlobalSection(SolutionConfigurationPlatforms) = preSolution
		Debug|Any CPU = Debug|Any CPU
		Release|Any CPU = Release|Any CPU
	EndGlobalSection
	GlobalSection(ProjectConfigurationPlatforms) = postSolution
		{491D9750-1574-45F7-89E7-FD6777B8EEED}.Debug|Any CPU.ActiveCfg = Debug|Any CPU
		{491D9750-1574-45F7-89E7-FD6777B8EEED}.Debug|Any CPU.Build.0 = Debug|Any CPU
		{491D9750-1574-45F7-89E7-FD6777B8EEED}.Release|Any CPU.ActiveCfg = Release|Any CPU
		{491D9750-1574-45F7-89E7-FD6777B8EEED}.Release|Any CPU.Build.0 = Release|Any CPU
	EndGlobalSection
	GlobalSection(SolutionProperties) = preSolution
		HideSolutionNode = FALSE
	EndGlobalSection
	GlobalSection(ExtensibilityGlobals) = postSolution
		SolutionGuid = {B5E78998-2EF0-4E85-AD1C-F862F1F0E7B7}
	EndGlobalSection
EndGlobal
